// !$*UTF8*$!
{
	archiveVersion = 1;
	classes = {
	};
	objectVersion = 52;
	objects = {

/* Begin PBXBuildFile section */
		0A18BA502703757600B05FB6 /* AppDelegate.swift in Sources */ = {isa = PBXBuildFile; fileRef = 0A18BA4F2703757600B05FB6 /* AppDelegate.swift */; };
		0A18BA522703757600B05FB6 /* SceneDelegate.swift in Sources */ = {isa = PBXBuildFile; fileRef = 0A18BA512703757600B05FB6 /* SceneDelegate.swift */; };
		0A18BA542703757600B05FB6 /* ViewController.swift in Sources */ = {isa = PBXBuildFile; fileRef = 0A18BA532703757600B05FB6 /* ViewController.swift */; };
		0A18BA572703757600B05FB6 /* Main.storyboard in Resources */ = {isa = PBXBuildFile; fileRef = 0A18BA552703757600B05FB6 /* Main.storyboard */; };
		0A18BA5A2703757600B05FB6 /* Pets.xcdatamodeld in Sources */ = {isa = PBXBuildFile; fileRef = 0A18BA582703757600B05FB6 /* Pets.xcdatamodeld */; };
		0A18BA5C2703757700B05FB6 /* Assets.xcassets in Resources */ = {isa = PBXBuildFile; fileRef = 0A18BA5B2703757700B05FB6 /* Assets.xcassets */; };
		0A18BA5F2703757700B05FB6 /* LaunchScreen.storyboard in Resources */ = {isa = PBXBuildFile; fileRef = 0A18BA5D2703757700B05FB6 /* LaunchScreen.storyboard */; };
		0A18BA6A2703757700B05FB6 /* PetsTests.swift in Sources */ = {isa = PBXBuildFile; fileRef = 0A18BA692703757700B05FB6 /* PetsTests.swift */; };
		0A18BA752703757700B05FB6 /* PetsUITests.swift in Sources */ = {isa = PBXBuildFile; fileRef = 0A18BA742703757700B05FB6 /* PetsUITests.swift */; };
		0A18BA8627038F3C00B05FB6 /* WelcomViewController.swift in Sources */ = {isa = PBXBuildFile; fileRef = 0A18BA8527038F3C00B05FB6 /* WelcomViewController.swift */; };
		0A651788270CD768004EDAC1 /* QRViewController.swift in Sources */ = {isa = PBXBuildFile; fileRef = 0A651787270CD768004EDAC1 /* QRViewController.swift */; };
		0A79BF4D2704F29700CD96E1 /* FirebaseAnalytics in Frameworks */ = {isa = PBXBuildFile; productRef = 0A79BF4C2704F29700CD96E1 /* FirebaseAnalytics */; };
		0A79BF4F2704F29700CD96E1 /* FirebaseCrashlytics in Frameworks */ = {isa = PBXBuildFile; productRef = 0A79BF4E2704F29700CD96E1 /* FirebaseCrashlytics */; };
		0A79BF512704F29700CD96E1 /* FirebaseStorage in Frameworks */ = {isa = PBXBuildFile; productRef = 0A79BF502704F29700CD96E1 /* FirebaseStorage */; };
		0A79BF532704F29700CD96E1 /* FirebaseAuth in Frameworks */ = {isa = PBXBuildFile; productRef = 0A79BF522704F29700CD96E1 /* FirebaseAuth */; };
		0A79BF552704F29700CD96E1 /* FirebaseDatabase in Frameworks */ = {isa = PBXBuildFile; productRef = 0A79BF542704F29700CD96E1 /* FirebaseDatabase */; };
		0A79BF572704F50200CD96E1 /* GoogleService-Info.plist in Resources */ = {isa = PBXBuildFile; fileRef = 0A79BF562704F50200CD96E1 /* GoogleService-Info.plist */; };
		0A84B999270893EA007A238F /* LoginViewController.swift in Sources */ = {isa = PBXBuildFile; fileRef = 0A84B998270893EA007A238F /* LoginViewController.swift */; };
		0A86DBA82710C63100208195 /* MarketAndPharms.swift in Sources */ = {isa = PBXBuildFile; fileRef = 0A86DBA72710C63100208195 /* MarketAndPharms.swift */; };
		0A86DBAD2710C79300208195 /* ParsingServices.swift in Sources */ = {isa = PBXBuildFile; fileRef = 0A86DBAC2710C79300208195 /* ParsingServices.swift */; };
		0A86DBB02710CA8700208195 /* TestViewController.swift in Sources */ = {isa = PBXBuildFile; fileRef = 0A86DBAF2710CA8700208195 /* TestViewController.swift */; };
		0AEF2A3D270CFB9B00505EE6 /* MapsViewController.swift in Sources */ = {isa = PBXBuildFile; fileRef = 0AEF2A3C270CFB9B00505EE6 /* MapsViewController.swift */; };
		0AEFD69A2709F15500095411 /* Constants.swift in Sources */ = {isa = PBXBuildFile; fileRef = 0AEFD6992709F15500095411 /* Constants.swift */; };
		0AEFD69D270A073800095411 /* User.swift in Sources */ = {isa = PBXBuildFile; fileRef = 0AEFD69C270A073800095411 /* User.swift */; };
		0AEFD69F270A074700095411 /* Task.swift in Sources */ = {isa = PBXBuildFile; fileRef = 0AEFD69E270A074700095411 /* Task.swift */; };
		0AEFD6A1270A0D7A00095411 /* TasksViewController.swift in Sources */ = {isa = PBXBuildFile; fileRef = 0AEFD6A0270A0D7A00095411 /* TasksViewController.swift */; };
		39A1968704BEB84CFD98BB86 /* Pods_Pets_PetsUITests.framework in Frameworks */ = {isa = PBXBuildFile; fileRef = C4E89112CC1F4674E074AB18 /* Pods_Pets_PetsUITests.framework */; };
		63EAE9B79578D7138E3DBFFF /* Pods_Pets.framework in Frameworks */ = {isa = PBXBuildFile; fileRef = DB1A76A6CFAF0EB46B157C13 /* Pods_Pets.framework */; };
		9CED2A2D96FBEFBF1BFF803D /* Pods_PetsTests.framework in Frameworks */ = {isa = PBXBuildFile; fileRef = D53630FE04BA7592F7523553 /* Pods_PetsTests.framework */; };
/* End PBXBuildFile section */

/* Begin PBXContainerItemProxy section */
		0A18BA662703757700B05FB6 /* PBXContainerItemProxy */ = {
			isa = PBXContainerItemProxy;
			containerPortal = 0A18BA442703757500B05FB6 /* Project object */;
			proxyType = 1;
			remoteGlobalIDString = 0A18BA4B2703757500B05FB6;
			remoteInfo = Pets;
		};
		0A18BA712703757700B05FB6 /* PBXContainerItemProxy */ = {
			isa = PBXContainerItemProxy;
			containerPortal = 0A18BA442703757500B05FB6 /* Project object */;
			proxyType = 1;
			remoteGlobalIDString = 0A18BA4B2703757500B05FB6;
			remoteInfo = Pets;
		};
/* End PBXContainerItemProxy section */

/* Begin PBXFileReference section */
		0A18BA4C2703757500B05FB6 /* Pets.app */ = {isa = PBXFileReference; explicitFileType = wrapper.application; includeInIndex = 0; path = Pets.app; sourceTree = BUILT_PRODUCTS_DIR; };
		0A18BA4F2703757600B05FB6 /* AppDelegate.swift */ = {isa = PBXFileReference; lastKnownFileType = sourcecode.swift; path = AppDelegate.swift; sourceTree = "<group>"; };
		0A18BA512703757600B05FB6 /* SceneDelegate.swift */ = {isa = PBXFileReference; lastKnownFileType = sourcecode.swift; path = SceneDelegate.swift; sourceTree = "<group>"; };
		0A18BA532703757600B05FB6 /* ViewController.swift */ = {isa = PBXFileReference; lastKnownFileType = sourcecode.swift; path = ViewController.swift; sourceTree = "<group>"; };
		0A18BA562703757600B05FB6 /* Base */ = {isa = PBXFileReference; lastKnownFileType = file.storyboard; name = Base; path = Base.lproj/Main.storyboard; sourceTree = "<group>"; };
		0A18BA592703757600B05FB6 /* Pets.xcdatamodel */ = {isa = PBXFileReference; lastKnownFileType = wrapper.xcdatamodel; path = Pets.xcdatamodel; sourceTree = "<group>"; };
		0A18BA5B2703757700B05FB6 /* Assets.xcassets */ = {isa = PBXFileReference; lastKnownFileType = folder.assetcatalog; path = Assets.xcassets; sourceTree = "<group>"; };
		0A18BA5E2703757700B05FB6 /* Base */ = {isa = PBXFileReference; lastKnownFileType = file.storyboard; name = Base; path = Base.lproj/LaunchScreen.storyboard; sourceTree = "<group>"; };
		0A18BA602703757700B05FB6 /* Info.plist */ = {isa = PBXFileReference; lastKnownFileType = text.plist.xml; path = Info.plist; sourceTree = "<group>"; };
		0A18BA652703757700B05FB6 /* PetsTests.xctest */ = {isa = PBXFileReference; explicitFileType = wrapper.cfbundle; includeInIndex = 0; path = PetsTests.xctest; sourceTree = BUILT_PRODUCTS_DIR; };
		0A18BA692703757700B05FB6 /* PetsTests.swift */ = {isa = PBXFileReference; lastKnownFileType = sourcecode.swift; path = PetsTests.swift; sourceTree = "<group>"; };
		0A18BA6B2703757700B05FB6 /* Info.plist */ = {isa = PBXFileReference; lastKnownFileType = text.plist.xml; path = Info.plist; sourceTree = "<group>"; };
		0A18BA702703757700B05FB6 /* PetsUITests.xctest */ = {isa = PBXFileReference; explicitFileType = wrapper.cfbundle; includeInIndex = 0; path = PetsUITests.xctest; sourceTree = BUILT_PRODUCTS_DIR; };
		0A18BA742703757700B05FB6 /* PetsUITests.swift */ = {isa = PBXFileReference; lastKnownFileType = sourcecode.swift; path = PetsUITests.swift; sourceTree = "<group>"; };
		0A18BA762703757700B05FB6 /* Info.plist */ = {isa = PBXFileReference; lastKnownFileType = text.plist.xml; path = Info.plist; sourceTree = "<group>"; };
		0A18BA8527038F3C00B05FB6 /* WelcomViewController.swift */ = {isa = PBXFileReference; lastKnownFileType = sourcecode.swift; path = WelcomViewController.swift; sourceTree = "<group>"; };
		0A651787270CD768004EDAC1 /* QRViewController.swift */ = {isa = PBXFileReference; lastKnownFileType = sourcecode.swift; path = QRViewController.swift; sourceTree = "<group>"; };
		0A79BF562704F50200CD96E1 /* GoogleService-Info.plist */ = {isa = PBXFileReference; fileEncoding = 4; lastKnownFileType = text.plist.xml; path = "GoogleService-Info.plist"; sourceTree = "<group>"; };
		0A84B998270893EA007A238F /* LoginViewController.swift */ = {isa = PBXFileReference; lastKnownFileType = sourcecode.swift; path = LoginViewController.swift; sourceTree = "<group>"; };
		0A86DBA72710C63100208195 /* MarketAndPharms.swift */ = {isa = PBXFileReference; lastKnownFileType = sourcecode.swift; path = MarketAndPharms.swift; sourceTree = "<group>"; };
		0A86DBAC2710C79300208195 /* ParsingServices.swift */ = {isa = PBXFileReference; lastKnownFileType = sourcecode.swift; path = ParsingServices.swift; sourceTree = "<group>"; };
		0A86DBAF2710CA8700208195 /* TestViewController.swift */ = {isa = PBXFileReference; lastKnownFileType = sourcecode.swift; path = TestViewController.swift; sourceTree = "<group>"; };
		0AEF2A3C270CFB9B00505EE6 /* MapsViewController.swift */ = {isa = PBXFileReference; lastKnownFileType = sourcecode.swift; path = MapsViewController.swift; sourceTree = "<group>"; };
		0AEFD6992709F15500095411 /* Constants.swift */ = {isa = PBXFileReference; lastKnownFileType = sourcecode.swift; path = Constants.swift; sourceTree = "<group>"; };
		0AEFD69C270A073800095411 /* User.swift */ = {isa = PBXFileReference; lastKnownFileType = sourcecode.swift; path = User.swift; sourceTree = "<group>"; };
		0AEFD69E270A074700095411 /* Task.swift */ = {isa = PBXFileReference; lastKnownFileType = sourcecode.swift; path = Task.swift; sourceTree = "<group>"; };
		0AEFD6A0270A0D7A00095411 /* TasksViewController.swift */ = {isa = PBXFileReference; lastKnownFileType = sourcecode.swift; path = TasksViewController.swift; sourceTree = "<group>"; };
		4E89AD0D946A2489CEBEBF92 /* Pods-PetsTests.release.xcconfig */ = {isa = PBXFileReference; includeInIndex = 1; lastKnownFileType = text.xcconfig; name = "Pods-PetsTests.release.xcconfig"; path = "Target Support Files/Pods-PetsTests/Pods-PetsTests.release.xcconfig"; sourceTree = "<group>"; };
		73EA82A803CF0B8A0FE6B22A /* Pods-PetsTests.debug.xcconfig */ = {isa = PBXFileReference; includeInIndex = 1; lastKnownFileType = text.xcconfig; name = "Pods-PetsTests.debug.xcconfig"; path = "Target Support Files/Pods-PetsTests/Pods-PetsTests.debug.xcconfig"; sourceTree = "<group>"; };
		B2D1235F86898A926A8F7928 /* Pods-Pets-PetsUITests.debug.xcconfig */ = {isa = PBXFileReference; includeInIndex = 1; lastKnownFileType = text.xcconfig; name = "Pods-Pets-PetsUITests.debug.xcconfig"; path = "Target Support Files/Pods-Pets-PetsUITests/Pods-Pets-PetsUITests.debug.xcconfig"; sourceTree = "<group>"; };
		C4E89112CC1F4674E074AB18 /* Pods_Pets_PetsUITests.framework */ = {isa = PBXFileReference; explicitFileType = wrapper.framework; includeInIndex = 0; path = Pods_Pets_PetsUITests.framework; sourceTree = BUILT_PRODUCTS_DIR; };
		C580658D8690187C23164D13 /* Pods-Pets.release.xcconfig */ = {isa = PBXFileReference; includeInIndex = 1; lastKnownFileType = text.xcconfig; name = "Pods-Pets.release.xcconfig"; path = "Target Support Files/Pods-Pets/Pods-Pets.release.xcconfig"; sourceTree = "<group>"; };
		CBFE837423AE4C03D553E7C4 /* Pods-Pets-PetsUITests.release.xcconfig */ = {isa = PBXFileReference; includeInIndex = 1; lastKnownFileType = text.xcconfig; name = "Pods-Pets-PetsUITests.release.xcconfig"; path = "Target Support Files/Pods-Pets-PetsUITests/Pods-Pets-PetsUITests.release.xcconfig"; sourceTree = "<group>"; };
		D53630FE04BA7592F7523553 /* Pods_PetsTests.framework */ = {isa = PBXFileReference; explicitFileType = wrapper.framework; includeInIndex = 0; path = Pods_PetsTests.framework; sourceTree = BUILT_PRODUCTS_DIR; };
		DB1A76A6CFAF0EB46B157C13 /* Pods_Pets.framework */ = {isa = PBXFileReference; explicitFileType = wrapper.framework; includeInIndex = 0; path = Pods_Pets.framework; sourceTree = BUILT_PRODUCTS_DIR; };
		E2939978AB7169318F10DD7C /* Pods-Pets.debug.xcconfig */ = {isa = PBXFileReference; includeInIndex = 1; lastKnownFileType = text.xcconfig; name = "Pods-Pets.debug.xcconfig"; path = "Target Support Files/Pods-Pets/Pods-Pets.debug.xcconfig"; sourceTree = "<group>"; };
/* End PBXFileReference section */

/* Begin PBXFrameworksBuildPhase section */
		0A18BA492703757500B05FB6 /* Frameworks */ = {
			isa = PBXFrameworksBuildPhase;
			buildActionMask = 2147483647;
			files = (
				0A79BF552704F29700CD96E1 /* FirebaseDatabase in Frameworks */,
				0A79BF4D2704F29700CD96E1 /* FirebaseAnalytics in Frameworks */,
				0A79BF4F2704F29700CD96E1 /* FirebaseCrashlytics in Frameworks */,
				0A79BF512704F29700CD96E1 /* FirebaseStorage in Frameworks */,
				0A79BF532704F29700CD96E1 /* FirebaseAuth in Frameworks */,
				63EAE9B79578D7138E3DBFFF /* Pods_Pets.framework in Frameworks */,
			);
			runOnlyForDeploymentPostprocessing = 0;
		};
		0A18BA622703757700B05FB6 /* Frameworks */ = {
			isa = PBXFrameworksBuildPhase;
			buildActionMask = 2147483647;
			files = (
				9CED2A2D96FBEFBF1BFF803D /* Pods_PetsTests.framework in Frameworks */,
			);
			runOnlyForDeploymentPostprocessing = 0;
		};
		0A18BA6D2703757700B05FB6 /* Frameworks */ = {
			isa = PBXFrameworksBuildPhase;
			buildActionMask = 2147483647;
			files = (
				39A1968704BEB84CFD98BB86 /* Pods_Pets_PetsUITests.framework in Frameworks */,
			);
			runOnlyForDeploymentPostprocessing = 0;
		};
/* End PBXFrameworksBuildPhase section */

/* Begin PBXGroup section */
		0A18BA432703757500B05FB6 = {
			isa = PBXGroup;
			children = (
				0A18BA4E2703757500B05FB6 /* Pets */,
				0A18BA8227038A7300B05FB6 /* Sources */,
				0A18BA682703757700B05FB6 /* PetsTests */,
				0A18BA732703757700B05FB6 /* PetsUITests */,
				0A18BA4D2703757500B05FB6 /* Products */,
				70683E6A7A6813E5054228F1 /* Pods */,
				7E2D2FAC53B5549A20F88EA4 /* Frameworks */,
			);
			sourceTree = "<group>";
		};
		0A18BA4D2703757500B05FB6 /* Products */ = {
			isa = PBXGroup;
			children = (
				0A18BA4C2703757500B05FB6 /* Pets.app */,
				0A18BA652703757700B05FB6 /* PetsTests.xctest */,
				0A18BA702703757700B05FB6 /* PetsUITests.xctest */,
			);
			name = Products;
			sourceTree = "<group>";
		};
		0A18BA4E2703757500B05FB6 /* Pets */ = {
			isa = PBXGroup;
			children = (
				0A86DBA92710C76300208195 /* Services */,
				0AEFD69B270A06A800095411 /* Models */,
				0AEFD6982709F0D900095411 /* Constants */,
				0A18BA8427038B9B00B05FB6 /* Controllers */,
				0A18BA8327038A8800B05FB6 /* View */,
				0A18BA602703757700B05FB6 /* Info.plist */,
				0A79BF562704F50200CD96E1 /* GoogleService-Info.plist */,
				0A18BA582703757600B05FB6 /* Pets.xcdatamodeld */,
			);
			path = Pets;
			sourceTree = "<group>";
		};
		0A18BA682703757700B05FB6 /* PetsTests */ = {
			isa = PBXGroup;
			children = (
				0A18BA692703757700B05FB6 /* PetsTests.swift */,
				0A18BA6B2703757700B05FB6 /* Info.plist */,
			);
			path = PetsTests;
			sourceTree = "<group>";
		};
		0A18BA732703757700B05FB6 /* PetsUITests */ = {
			isa = PBXGroup;
			children = (
				0A18BA742703757700B05FB6 /* PetsUITests.swift */,
				0A18BA762703757700B05FB6 /* Info.plist */,
			);
			path = PetsUITests;
			sourceTree = "<group>";
		};
		0A18BA8227038A7300B05FB6 /* Sources */ = {
			isa = PBXGroup;
			children = (
				0A18BA4F2703757600B05FB6 /* AppDelegate.swift */,
				0A18BA5B2703757700B05FB6 /* Assets.xcassets */,
				0A18BA512703757600B05FB6 /* SceneDelegate.swift */,
			);
			path = Sources;
			sourceTree = "<group>";
		};
		0A18BA8327038A8800B05FB6 /* View */ = {
			isa = PBXGroup;
			children = (
				0A18BA5D2703757700B05FB6 /* LaunchScreen.storyboard */,
				0A18BA552703757600B05FB6 /* Main.storyboard */,
			);
			path = View;
			sourceTree = "<group>";
		};
		0A18BA8427038B9B00B05FB6 /* Controllers */ = {
			isa = PBXGroup;
			children = (
				0A18BA532703757600B05FB6 /* ViewController.swift */,
				0A18BA8527038F3C00B05FB6 /* WelcomViewController.swift */,
				0A84B998270893EA007A238F /* LoginViewController.swift */,
				0AEFD6A0270A0D7A00095411 /* TasksViewController.swift */,
				0A651787270CD768004EDAC1 /* QRViewController.swift */,
				0AEF2A3C270CFB9B00505EE6 /* MapsViewController.swift */,
				0A86DBAF2710CA8700208195 /* TestViewController.swift */,
			);
			path = Controllers;
			sourceTree = "<group>";
		};
		0A86DBA92710C76300208195 /* Services */ = {
			isa = PBXGroup;
			children = (
				0A86DBAC2710C79300208195 /* ParsingServices.swift */,
			);
			path = Services;
			sourceTree = "<group>";
		};
		0AEFD6982709F0D900095411 /* Constants */ = {
			isa = PBXGroup;
			children = (
				0AEFD6992709F15500095411 /* Constants.swift */,
			);
			path = Constants;
			sourceTree = "<group>";
		};
		0AEFD69B270A06A800095411 /* Models */ = {
			isa = PBXGroup;
			children = (
				0AEFD69C270A073800095411 /* User.swift */,
				0AEFD69E270A074700095411 /* Task.swift */,
				0A86DBA72710C63100208195 /* MarketAndPharms.swift */,
			);
			path = Models;
			sourceTree = "<group>";
		};
		70683E6A7A6813E5054228F1 /* Pods */ = {
			isa = PBXGroup;
			children = (
				E2939978AB7169318F10DD7C /* Pods-Pets.debug.xcconfig */,
				C580658D8690187C23164D13 /* Pods-Pets.release.xcconfig */,
				B2D1235F86898A926A8F7928 /* Pods-Pets-PetsUITests.debug.xcconfig */,
				CBFE837423AE4C03D553E7C4 /* Pods-Pets-PetsUITests.release.xcconfig */,
				73EA82A803CF0B8A0FE6B22A /* Pods-PetsTests.debug.xcconfig */,
				4E89AD0D946A2489CEBEBF92 /* Pods-PetsTests.release.xcconfig */,
			);
			path = Pods;
			sourceTree = "<group>";
		};
		7E2D2FAC53B5549A20F88EA4 /* Frameworks */ = {
			isa = PBXGroup;
			children = (
				DB1A76A6CFAF0EB46B157C13 /* Pods_Pets.framework */,
				C4E89112CC1F4674E074AB18 /* Pods_Pets_PetsUITests.framework */,
				D53630FE04BA7592F7523553 /* Pods_PetsTests.framework */,
			);
			name = Frameworks;
			sourceTree = "<group>";
		};
/* End PBXGroup section */

/* Begin PBXNativeTarget section */
		0A18BA4B2703757500B05FB6 /* Pets */ = {
			isa = PBXNativeTarget;
			buildConfigurationList = 0A18BA792703757700B05FB6 /* Build configuration list for PBXNativeTarget "Pets" */;
			buildPhases = (
				A7027EB2D5EFB7D237F84DC2 /* [CP] Check Pods Manifest.lock */,
				0A18BA482703757500B05FB6 /* Sources */,
				0A18BA492703757500B05FB6 /* Frameworks */,
				0A18BA4A2703757500B05FB6 /* Resources */,
				0A79BF582704FEAF00CD96E1 /* ShellScript */,
				C00B51F6B419C3D45625DDAB /* [CP] Copy Pods Resources */,
			);
			buildRules = (
			);
			dependencies = (
			);
			name = Pets;
			packageProductDependencies = (
				0A79BF4C2704F29700CD96E1 /* FirebaseAnalytics */,
				0A79BF4E2704F29700CD96E1 /* FirebaseCrashlytics */,
				0A79BF502704F29700CD96E1 /* FirebaseStorage */,
				0A79BF522704F29700CD96E1 /* FirebaseAuth */,
				0A79BF542704F29700CD96E1 /* FirebaseDatabase */,
			);
			productName = Pets;
			productReference = 0A18BA4C2703757500B05FB6 /* Pets.app */;
			productType = "com.apple.product-type.application";
		};
		0A18BA642703757700B05FB6 /* PetsTests */ = {
			isa = PBXNativeTarget;
			buildConfigurationList = 0A18BA7C2703757700B05FB6 /* Build configuration list for PBXNativeTarget "PetsTests" */;
			buildPhases = (
				058507844931B2FDEDDCB344 /* [CP] Check Pods Manifest.lock */,
				0A18BA612703757700B05FB6 /* Sources */,
				0A18BA622703757700B05FB6 /* Frameworks */,
				0A18BA632703757700B05FB6 /* Resources */,
			);
			buildRules = (
			);
			dependencies = (
				0A18BA672703757700B05FB6 /* PBXTargetDependency */,
			);
			name = PetsTests;
			productName = PetsTests;
			productReference = 0A18BA652703757700B05FB6 /* PetsTests.xctest */;
			productType = "com.apple.product-type.bundle.unit-test";
		};
		0A18BA6F2703757700B05FB6 /* PetsUITests */ = {
			isa = PBXNativeTarget;
			buildConfigurationList = 0A18BA7F2703757700B05FB6 /* Build configuration list for PBXNativeTarget "PetsUITests" */;
			buildPhases = (
				550E070C65F5EBEC48D9E317 /* [CP] Check Pods Manifest.lock */,
				0A18BA6C2703757700B05FB6 /* Sources */,
				0A18BA6D2703757700B05FB6 /* Frameworks */,
				0A18BA6E2703757700B05FB6 /* Resources */,
				4892F39A1C56D8F8D71EDE10 /* [CP] Copy Pods Resources */,
			);
			buildRules = (
			);
			dependencies = (
				0A18BA722703757700B05FB6 /* PBXTargetDependency */,
			);
			name = PetsUITests;
			productName = PetsUITests;
			productReference = 0A18BA702703757700B05FB6 /* PetsUITests.xctest */;
			productType = "com.apple.product-type.bundle.ui-testing";
		};
/* End PBXNativeTarget section */

/* Begin PBXProject section */
		0A18BA442703757500B05FB6 /* Project object */ = {
			isa = PBXProject;
			attributes = {
				LastSwiftUpdateCheck = 1250;
				LastUpgradeCheck = 1250;
				TargetAttributes = {
					0A18BA4B2703757500B05FB6 = {
						CreatedOnToolsVersion = 12.5.1;
					};
					0A18BA642703757700B05FB6 = {
						CreatedOnToolsVersion = 12.5.1;
						TestTargetID = 0A18BA4B2703757500B05FB6;
					};
					0A18BA6F2703757700B05FB6 = {
						CreatedOnToolsVersion = 12.5.1;
						TestTargetID = 0A18BA4B2703757500B05FB6;
					};
				};
			};
			buildConfigurationList = 0A18BA472703757500B05FB6 /* Build configuration list for PBXProject "Pets" */;
			compatibilityVersion = "Xcode 9.3";
			developmentRegion = en;
			hasScannedForEncodings = 0;
			knownRegions = (
				en,
				Base,
			);
			mainGroup = 0A18BA432703757500B05FB6;
			packageReferences = (
				0A79BF4B2704F29700CD96E1 /* XCRemoteSwiftPackageReference "firebase-ios-sdk" */,
			);
			productRefGroup = 0A18BA4D2703757500B05FB6 /* Products */;
			projectDirPath = "";
			projectRoot = "";
			targets = (
				0A18BA4B2703757500B05FB6 /* Pets */,
				0A18BA642703757700B05FB6 /* PetsTests */,
				0A18BA6F2703757700B05FB6 /* PetsUITests */,
			);
		};
/* End PBXProject section */

/* Begin PBXResourcesBuildPhase section */
		0A18BA4A2703757500B05FB6 /* Resources */ = {
			isa = PBXResourcesBuildPhase;
			buildActionMask = 2147483647;
			files = (
				0A18BA5F2703757700B05FB6 /* LaunchScreen.storyboard in Resources */,
				0A79BF572704F50200CD96E1 /* GoogleService-Info.plist in Resources */,
				0A18BA5C2703757700B05FB6 /* Assets.xcassets in Resources */,
				0A18BA572703757600B05FB6 /* Main.storyboard in Resources */,
			);
			runOnlyForDeploymentPostprocessing = 0;
		};
		0A18BA632703757700B05FB6 /* Resources */ = {
			isa = PBXResourcesBuildPhase;
			buildActionMask = 2147483647;
			files = (
			);
			runOnlyForDeploymentPostprocessing = 0;
		};
		0A18BA6E2703757700B05FB6 /* Resources */ = {
			isa = PBXResourcesBuildPhase;
			buildActionMask = 2147483647;
			files = (
			);
			runOnlyForDeploymentPostprocessing = 0;
		};
/* End PBXResourcesBuildPhase section */

/* Begin PBXShellScriptBuildPhase section */
		058507844931B2FDEDDCB344 /* [CP] Check Pods Manifest.lock */ = {
			isa = PBXShellScriptBuildPhase;
			buildActionMask = 2147483647;
			files = (
			);
			inputFileListPaths = (
			);
			inputPaths = (
				"${PODS_PODFILE_DIR_PATH}/Podfile.lock",
				"${PODS_ROOT}/Manifest.lock",
			);
			name = "[CP] Check Pods Manifest.lock";
			outputFileListPaths = (
			);
			outputPaths = (
				"$(DERIVED_FILE_DIR)/Pods-PetsTests-checkManifestLockResult.txt",
			);
			runOnlyForDeploymentPostprocessing = 0;
			shellPath = /bin/sh;
			shellScript = "diff \"${PODS_PODFILE_DIR_PATH}/Podfile.lock\" \"${PODS_ROOT}/Manifest.lock\" > /dev/null\nif [ $? != 0 ] ; then\n    # print error to STDERR\n    echo \"error: The sandbox is not in sync with the Podfile.lock. Run 'pod install' or update your CocoaPods installation.\" >&2\n    exit 1\nfi\n# This output is used by Xcode 'outputs' to avoid re-running this script phase.\necho \"SUCCESS\" > \"${SCRIPT_OUTPUT_FILE_0}\"\n";
			showEnvVarsInLog = 0;
		};
		0A79BF582704FEAF00CD96E1 /* ShellScript */ = {
			isa = PBXShellScriptBuildPhase;
			buildActionMask = 8;
			files = (
			);
			inputFileListPaths = (
				"${DWARF_DSYM_FOLDER_PATH}/${DWARF_DSYM_FILE_NAME}/Contents/Resources/DWARF/${TARGET_NAME}",
				"$(SRCROOT)/$(BUILT_PRODUCTS_DIR)/$(INFOPLIST_PATH)",
			);
			inputPaths = (
			);
			outputFileListPaths = (
			);
			outputPaths = (
			);
			runOnlyForDeploymentPostprocessing = 1;
			shellPath = /bin/sh;
			shellScript = "\"${PODS_ROOT}/FirebaseCrashlytics/run\"\n";
		};
		4892F39A1C56D8F8D71EDE10 /* [CP] Copy Pods Resources */ = {
			isa = PBXShellScriptBuildPhase;
			buildActionMask = 2147483647;
			files = (
			);
			inputFileListPaths = (
				"${PODS_ROOT}/Target Support Files/Pods-Pets-PetsUITests/Pods-Pets-PetsUITests-resources-${CONFIGURATION}-input-files.xcfilelist",
			);
			name = "[CP] Copy Pods Resources";
			outputFileListPaths = (
				"${PODS_ROOT}/Target Support Files/Pods-Pets-PetsUITests/Pods-Pets-PetsUITests-resources-${CONFIGURATION}-output-files.xcfilelist",
			);
			runOnlyForDeploymentPostprocessing = 0;
			shellPath = /bin/sh;
			shellScript = "\"${PODS_ROOT}/Target Support Files/Pods-Pets-PetsUITests/Pods-Pets-PetsUITests-resources.sh\"\n";
			showEnvVarsInLog = 0;
		};
		550E070C65F5EBEC48D9E317 /* [CP] Check Pods Manifest.lock */ = {
			isa = PBXShellScriptBuildPhase;
			buildActionMask = 2147483647;
			files = (
			);
			inputFileListPaths = (
			);
			inputPaths = (
				"${PODS_PODFILE_DIR_PATH}/Podfile.lock",
				"${PODS_ROOT}/Manifest.lock",
			);
			name = "[CP] Check Pods Manifest.lock";
			outputFileListPaths = (
			);
			outputPaths = (
				"$(DERIVED_FILE_DIR)/Pods-Pets-PetsUITests-checkManifestLockResult.txt",
			);
			runOnlyForDeploymentPostprocessing = 0;
			shellPath = /bin/sh;
			shellScript = "diff \"${PODS_PODFILE_DIR_PATH}/Podfile.lock\" \"${PODS_ROOT}/Manifest.lock\" > /dev/null\nif [ $? != 0 ] ; then\n    # print error to STDERR\n    echo \"error: The sandbox is not in sync with the Podfile.lock. Run 'pod install' or update your CocoaPods installation.\" >&2\n    exit 1\nfi\n# This output is used by Xcode 'outputs' to avoid re-running this script phase.\necho \"SUCCESS\" > \"${SCRIPT_OUTPUT_FILE_0}\"\n";
			showEnvVarsInLog = 0;
		};
		A7027EB2D5EFB7D237F84DC2 /* [CP] Check Pods Manifest.lock */ = {
			isa = PBXShellScriptBuildPhase;
			buildActionMask = 2147483647;
			files = (
			);
			inputFileListPaths = (
			);
			inputPaths = (
				"${PODS_PODFILE_DIR_PATH}/Podfile.lock",
				"${PODS_ROOT}/Manifest.lock",
			);
			name = "[CP] Check Pods Manifest.lock";
			outputFileListPaths = (
			);
			outputPaths = (
				"$(DERIVED_FILE_DIR)/Pods-Pets-checkManifestLockResult.txt",
			);
			runOnlyForDeploymentPostprocessing = 0;
			shellPath = /bin/sh;
			shellScript = "diff \"${PODS_PODFILE_DIR_PATH}/Podfile.lock\" \"${PODS_ROOT}/Manifest.lock\" > /dev/null\nif [ $? != 0 ] ; then\n    # print error to STDERR\n    echo \"error: The sandbox is not in sync with the Podfile.lock. Run 'pod install' or update your CocoaPods installation.\" >&2\n    exit 1\nfi\n# This output is used by Xcode 'outputs' to avoid re-running this script phase.\necho \"SUCCESS\" > \"${SCRIPT_OUTPUT_FILE_0}\"\n";
			showEnvVarsInLog = 0;
		};
		C00B51F6B419C3D45625DDAB /* [CP] Copy Pods Resources */ = {
			isa = PBXShellScriptBuildPhase;
			buildActionMask = 2147483647;
			files = (
			);
			inputFileListPaths = (
				"${PODS_ROOT}/Target Support Files/Pods-Pets/Pods-Pets-resources-${CONFIGURATION}-input-files.xcfilelist",
			);
			name = "[CP] Copy Pods Resources";
			outputFileListPaths = (
				"${PODS_ROOT}/Target Support Files/Pods-Pets/Pods-Pets-resources-${CONFIGURATION}-output-files.xcfilelist",
			);
			runOnlyForDeploymentPostprocessing = 0;
			shellPath = /bin/sh;
			shellScript = "\"${PODS_ROOT}/Target Support Files/Pods-Pets/Pods-Pets-resources.sh\"\n";
			showEnvVarsInLog = 0;
		};
/* End PBXShellScriptBuildPhase section */

/* Begin PBXSourcesBuildPhase section */
		0A18BA482703757500B05FB6 /* Sources */ = {
			isa = PBXSourcesBuildPhase;
			buildActionMask = 2147483647;
			files = (
				0A84B999270893EA007A238F /* LoginViewController.swift in Sources */,
				0A18BA542703757600B05FB6 /* ViewController.swift in Sources */,
				0A18BA5A2703757600B05FB6 /* Pets.xcdatamodeld in Sources */,
				0A86DBA82710C63100208195 /* MarketAndPharms.swift in Sources */,
				0AEF2A3D270CFB9B00505EE6 /* MapsViewController.swift in Sources */,
				0AEFD69F270A074700095411 /* Task.swift in Sources */,
				0AEFD6A1270A0D7A00095411 /* TasksViewController.swift in Sources */,
				0A651788270CD768004EDAC1 /* QRViewController.swift in Sources */,
				0A18BA502703757600B05FB6 /* AppDelegate.swift in Sources */,
				0A18BA522703757600B05FB6 /* SceneDelegate.swift in Sources */,
				0A86DBB02710CA8700208195 /* TestViewController.swift in Sources */,
				0A18BA8627038F3C00B05FB6 /* WelcomViewController.swift in Sources */,
				0AEFD69D270A073800095411 /* User.swift in Sources */,
				0A86DBAD2710C79300208195 /* ParsingServices.swift in Sources */,
				0AEFD69A2709F15500095411 /* Constants.swift in Sources */,
			);
			runOnlyForDeploymentPostprocessing = 0;
		};
		0A18BA612703757700B05FB6 /* Sources */ = {
			isa = PBXSourcesBuildPhase;
			buildActionMask = 2147483647;
			files = (
				0A18BA6A2703757700B05FB6 /* PetsTests.swift in Sources */,
			);
			runOnlyForDeploymentPostprocessing = 0;
		};
		0A18BA6C2703757700B05FB6 /* Sources */ = {
			isa = PBXSourcesBuildPhase;
			buildActionMask = 2147483647;
			files = (
				0A18BA752703757700B05FB6 /* PetsUITests.swift in Sources */,
			);
			runOnlyForDeploymentPostprocessing = 0;
		};
/* End PBXSourcesBuildPhase section */

/* Begin PBXTargetDependency section */
		0A18BA672703757700B05FB6 /* PBXTargetDependency */ = {
			isa = PBXTargetDependency;
			target = 0A18BA4B2703757500B05FB6 /* Pets */;
			targetProxy = 0A18BA662703757700B05FB6 /* PBXContainerItemProxy */;
		};
		0A18BA722703757700B05FB6 /* PBXTargetDependency */ = {
			isa = PBXTargetDependency;
			target = 0A18BA4B2703757500B05FB6 /* Pets */;
			targetProxy = 0A18BA712703757700B05FB6 /* PBXContainerItemProxy */;
		};
/* End PBXTargetDependency section */

/* Begin PBXVariantGroup section */
		0A18BA552703757600B05FB6 /* Main.storyboard */ = {
			isa = PBXVariantGroup;
			children = (
				0A18BA562703757600B05FB6 /* Base */,
			);
			name = Main.storyboard;
			sourceTree = "<group>";
		};
		0A18BA5D2703757700B05FB6 /* LaunchScreen.storyboard */ = {
			isa = PBXVariantGroup;
			children = (
				0A18BA5E2703757700B05FB6 /* Base */,
			);
			name = LaunchScreen.storyboard;
			sourceTree = "<group>";
		};
/* End PBXVariantGroup section */

/* Begin XCBuildConfiguration section */
		0A18BA772703757700B05FB6 /* Debug */ = {
			isa = XCBuildConfiguration;
			buildSettings = {
				ALWAYS_SEARCH_USER_PATHS = NO;
				CLANG_ANALYZER_NONNULL = YES;
				CLANG_ANALYZER_NUMBER_OBJECT_CONVERSION = YES_AGGRESSIVE;
				CLANG_CXX_LANGUAGE_STANDARD = "gnu++14";
				CLANG_CXX_LIBRARY = "libc++";
				CLANG_ENABLE_MODULES = YES;
				CLANG_ENABLE_OBJC_ARC = YES;
				CLANG_ENABLE_OBJC_WEAK = YES;
				CLANG_WARN_BLOCK_CAPTURE_AUTORELEASING = YES;
				CLANG_WARN_BOOL_CONVERSION = YES;
				CLANG_WARN_COMMA = YES;
				CLANG_WARN_CONSTANT_CONVERSION = YES;
				CLANG_WARN_DEPRECATED_OBJC_IMPLEMENTATIONS = YES;
				CLANG_WARN_DIRECT_OBJC_ISA_USAGE = YES_ERROR;
				CLANG_WARN_DOCUMENTATION_COMMENTS = YES;
				CLANG_WARN_EMPTY_BODY = YES;
				CLANG_WARN_ENUM_CONVERSION = YES;
				CLANG_WARN_INFINITE_RECURSION = YES;
				CLANG_WARN_INT_CONVERSION = YES;
				CLANG_WARN_NON_LITERAL_NULL_CONVERSION = YES;
				CLANG_WARN_OBJC_IMPLICIT_RETAIN_SELF = YES;
				CLANG_WARN_OBJC_LITERAL_CONVERSION = YES;
				CLANG_WARN_OBJC_ROOT_CLASS = YES_ERROR;
				CLANG_WARN_QUOTED_INCLUDE_IN_FRAMEWORK_HEADER = YES;
				CLANG_WARN_RANGE_LOOP_ANALYSIS = YES;
				CLANG_WARN_STRICT_PROTOTYPES = YES;
				CLANG_WARN_SUSPICIOUS_MOVE = YES;
				CLANG_WARN_UNGUARDED_AVAILABILITY = YES_AGGRESSIVE;
				CLANG_WARN_UNREACHABLE_CODE = YES;
				CLANG_WARN__DUPLICATE_METHOD_MATCH = YES;
				COPY_PHASE_STRIP = NO;
				DEBUG_INFORMATION_FORMAT = dwarf;
				ENABLE_STRICT_OBJC_MSGSEND = YES;
				ENABLE_TESTABILITY = YES;
				GCC_C_LANGUAGE_STANDARD = gnu11;
				GCC_DYNAMIC_NO_PIC = NO;
				GCC_NO_COMMON_BLOCKS = YES;
				GCC_OPTIMIZATION_LEVEL = 0;
				GCC_PREPROCESSOR_DEFINITIONS = (
					"DEBUG=1",
					"$(inherited)",
				);
				GCC_WARN_64_TO_32_BIT_CONVERSION = YES;
				GCC_WARN_ABOUT_RETURN_TYPE = YES_ERROR;
				GCC_WARN_UNDECLARED_SELECTOR = YES;
				GCC_WARN_UNINITIALIZED_AUTOS = YES_AGGRESSIVE;
				GCC_WARN_UNUSED_FUNCTION = YES;
				GCC_WARN_UNUSED_VARIABLE = YES;
				IPHONEOS_DEPLOYMENT_TARGET = 15.0;
				MTL_ENABLE_DEBUG_INFO = INCLUDE_SOURCE;
				MTL_FAST_MATH = YES;
				ONLY_ACTIVE_ARCH = YES;
				SDKROOT = iphoneos;
				SWIFT_ACTIVE_COMPILATION_CONDITIONS = DEBUG;
				SWIFT_OPTIMIZATION_LEVEL = "-Onone";
			};
			name = Debug;
		};
		0A18BA782703757700B05FB6 /* Release */ = {
			isa = XCBuildConfiguration;
			buildSettings = {
				ALWAYS_SEARCH_USER_PATHS = NO;
				CLANG_ANALYZER_NONNULL = YES;
				CLANG_ANALYZER_NUMBER_OBJECT_CONVERSION = YES_AGGRESSIVE;
				CLANG_CXX_LANGUAGE_STANDARD = "gnu++14";
				CLANG_CXX_LIBRARY = "libc++";
				CLANG_ENABLE_MODULES = YES;
				CLANG_ENABLE_OBJC_ARC = YES;
				CLANG_ENABLE_OBJC_WEAK = YES;
				CLANG_WARN_BLOCK_CAPTURE_AUTORELEASING = YES;
				CLANG_WARN_BOOL_CONVERSION = YES;
				CLANG_WARN_COMMA = YES;
				CLANG_WARN_CONSTANT_CONVERSION = YES;
				CLANG_WARN_DEPRECATED_OBJC_IMPLEMENTATIONS = YES;
				CLANG_WARN_DIRECT_OBJC_ISA_USAGE = YES_ERROR;
				CLANG_WARN_DOCUMENTATION_COMMENTS = YES;
				CLANG_WARN_EMPTY_BODY = YES;
				CLANG_WARN_ENUM_CONVERSION = YES;
				CLANG_WARN_INFINITE_RECURSION = YES;
				CLANG_WARN_INT_CONVERSION = YES;
				CLANG_WARN_NON_LITERAL_NULL_CONVERSION = YES;
				CLANG_WARN_OBJC_IMPLICIT_RETAIN_SELF = YES;
				CLANG_WARN_OBJC_LITERAL_CONVERSION = YES;
				CLANG_WARN_OBJC_ROOT_CLASS = YES_ERROR;
				CLANG_WARN_QUOTED_INCLUDE_IN_FRAMEWORK_HEADER = YES;
				CLANG_WARN_RANGE_LOOP_ANALYSIS = YES;
				CLANG_WARN_STRICT_PROTOTYPES = YES;
				CLANG_WARN_SUSPICIOUS_MOVE = YES;
				CLANG_WARN_UNGUARDED_AVAILABILITY = YES_AGGRESSIVE;
				CLANG_WARN_UNREACHABLE_CODE = YES;
				CLANG_WARN__DUPLICATE_METHOD_MATCH = YES;
				COPY_PHASE_STRIP = NO;
				DEBUG_INFORMATION_FORMAT = "dwarf-with-dsym";
				ENABLE_NS_ASSERTIONS = NO;
				ENABLE_STRICT_OBJC_MSGSEND = YES;
				GCC_C_LANGUAGE_STANDARD = gnu11;
				GCC_NO_COMMON_BLOCKS = YES;
				GCC_WARN_64_TO_32_BIT_CONVERSION = YES;
				GCC_WARN_ABOUT_RETURN_TYPE = YES_ERROR;
				GCC_WARN_UNDECLARED_SELECTOR = YES;
				GCC_WARN_UNINITIALIZED_AUTOS = YES_AGGRESSIVE;
				GCC_WARN_UNUSED_FUNCTION = YES;
				GCC_WARN_UNUSED_VARIABLE = YES;
				IPHONEOS_DEPLOYMENT_TARGET = 15.0;
				MTL_ENABLE_DEBUG_INFO = NO;
				MTL_FAST_MATH = YES;
				SDKROOT = iphoneos;
				SWIFT_COMPILATION_MODE = wholemodule;
				SWIFT_OPTIMIZATION_LEVEL = "-O";
				VALIDATE_PRODUCT = YES;
			};
			name = Release;
		};
		0A18BA7A2703757700B05FB6 /* Debug */ = {
			isa = XCBuildConfiguration;
			baseConfigurationReference = E2939978AB7169318F10DD7C /* Pods-Pets.debug.xcconfig */;
			buildSettings = {
				ASSETCATALOG_COMPILER_APPICON_NAME = AppIcon;
				ASSETCATALOG_COMPILER_GLOBAL_ACCENT_COLOR_NAME = AccentColor;
				CODE_SIGN_STYLE = Automatic;
				DEBUG_INFORMATION_FORMAT = "dwarf-with-dsym";
				DEVELOPMENT_TEAM = K79KHUW8KA;
				INFOPLIST_FILE = Pets/Info.plist;
				LD_RUNPATH_SEARCH_PATHS = (
					"$(inherited)",
					"@executable_path/Frameworks",
				);
				PRODUCT_BUNDLE_IDENTIFIER = by.nameSite.Pets;
				PRODUCT_NAME = "$(TARGET_NAME)";
				SWIFT_VERSION = 5.0;
				TARGETED_DEVICE_FAMILY = 1;
			};
			name = Debug;
		};
		0A18BA7B2703757700B05FB6 /* Release */ = {
			isa = XCBuildConfiguration;
			baseConfigurationReference = C580658D8690187C23164D13 /* Pods-Pets.release.xcconfig */;
			buildSettings = {
				ASSETCATALOG_COMPILER_APPICON_NAME = AppIcon;
				ASSETCATALOG_COMPILER_GLOBAL_ACCENT_COLOR_NAME = AccentColor;
				CODE_SIGN_STYLE = Automatic;
				DEVELOPMENT_TEAM = K79KHUW8KA;
				INFOPLIST_FILE = Pets/Info.plist;
				LD_RUNPATH_SEARCH_PATHS = (
					"$(inherited)",
					"@executable_path/Frameworks",
				);
				PRODUCT_BUNDLE_IDENTIFIER = by.nameSite.Pets;
				PRODUCT_NAME = "$(TARGET_NAME)";
				SWIFT_VERSION = 5.0;
				TARGETED_DEVICE_FAMILY = 1;
			};
			name = Release;
		};
		0A18BA7D2703757700B05FB6 /* Debug */ = {
			isa = XCBuildConfiguration;
			baseConfigurationReference = 73EA82A803CF0B8A0FE6B22A /* Pods-PetsTests.debug.xcconfig */;
			buildSettings = {
				ALWAYS_EMBED_SWIFT_STANDARD_LIBRARIES = YES;
				BUNDLE_LOADER = "$(TEST_HOST)";
				CODE_SIGN_STYLE = Automatic;
				DEVELOPMENT_TEAM = K79KHUW8KA;
				INFOPLIST_FILE = PetsTests/Info.plist;
				IPHONEOS_DEPLOYMENT_TARGET = 14.5;
				LD_RUNPATH_SEARCH_PATHS = (
					"$(inherited)",
					"@executable_path/Frameworks",
					"@loader_path/Frameworks",
				);
				PRODUCT_BUNDLE_IDENTIFIER = by.nameSite.PetsTests;
				PRODUCT_NAME = "$(TARGET_NAME)";
				SWIFT_VERSION = 5.0;
				TARGETED_DEVICE_FAMILY = "1,2";
				TEST_HOST = "$(BUILT_PRODUCTS_DIR)/Pets.app/Pets";
			};
			name = Debug;
		};
		0A18BA7E2703757700B05FB6 /* Release */ = {
			isa = XCBuildConfiguration;
			baseConfigurationReference = 4E89AD0D946A2489CEBEBF92 /* Pods-PetsTests.release.xcconfig */;
			buildSettings = {
				ALWAYS_EMBED_SWIFT_STANDARD_LIBRARIES = YES;
				BUNDLE_LOADER = "$(TEST_HOST)";
				CODE_SIGN_STYLE = Automatic;
				DEVELOPMENT_TEAM = K79KHUW8KA;
				INFOPLIST_FILE = PetsTests/Info.plist;
				IPHONEOS_DEPLOYMENT_TARGET = 14.5;
				LD_RUNPATH_SEARCH_PATHS = (
					"$(inherited)",
					"@executable_path/Frameworks",
					"@loader_path/Frameworks",
				);
				PRODUCT_BUNDLE_IDENTIFIER = by.nameSite.PetsTests;
				PRODUCT_NAME = "$(TARGET_NAME)";
				SWIFT_VERSION = 5.0;
				TARGETED_DEVICE_FAMILY = "1,2";
				TEST_HOST = "$(BUILT_PRODUCTS_DIR)/Pets.app/Pets";
			};
			name = Release;
		};
		0A18BA802703757700B05FB6 /* Debug */ = {
			isa = XCBuildConfiguration;
			baseConfigurationReference = B2D1235F86898A926A8F7928 /* Pods-Pets-PetsUITests.debug.xcconfig */;
			buildSettings = {
				ALWAYS_EMBED_SWIFT_STANDARD_LIBRARIES = YES;
				CODE_SIGN_STYLE = Automatic;
				DEVELOPMENT_TEAM = K79KHUW8KA;
				INFOPLIST_FILE = PetsUITests/Info.plist;
				LD_RUNPATH_SEARCH_PATHS = (
					"$(inherited)",
					"@executable_path/Frameworks",
					"@loader_path/Frameworks",
				);
				PRODUCT_BUNDLE_IDENTIFIER = by.nameSite.PetsUITests;
				PRODUCT_NAME = "$(TARGET_NAME)";
				SWIFT_VERSION = 5.0;
				TARGETED_DEVICE_FAMILY = "1,2";
				TEST_TARGET_NAME = Pets;
			};
			name = Debug;
		};
		0A18BA812703757700B05FB6 /* Release */ = {
			isa = XCBuildConfiguration;
			baseConfigurationReference = CBFE837423AE4C03D553E7C4 /* Pods-Pets-PetsUITests.release.xcconfig */;
			buildSettings = {
				ALWAYS_EMBED_SWIFT_STANDARD_LIBRARIES = YES;
				CODE_SIGN_STYLE = Automatic;
				DEVELOPMENT_TEAM = K79KHUW8KA;
				INFOPLIST_FILE = PetsUITests/Info.plist;
				LD_RUNPATH_SEARCH_PATHS = (
					"$(inherited)",
					"@executable_path/Frameworks",
					"@loader_path/Frameworks",
				);
				PRODUCT_BUNDLE_IDENTIFIER = by.nameSite.PetsUITests;
				PRODUCT_NAME = "$(TARGET_NAME)";
				SWIFT_VERSION = 5.0;
				TARGETED_DEVICE_FAMILY = "1,2";
				TEST_TARGET_NAME = Pets;
			};
			name = Release;
		};
/* End XCBuildConfiguration section */

/* Begin XCConfigurationList section */
		0A18BA472703757500B05FB6 /* Build configuration list for PBXProject "Pets" */ = {
			isa = XCConfigurationList;
			buildConfigurations = (
				0A18BA772703757700B05FB6 /* Debug */,
				0A18BA782703757700B05FB6 /* Release */,
			);
			defaultConfigurationIsVisible = 0;
			defaultConfigurationName = Release;
		};
		0A18BA792703757700B05FB6 /* Build configuration list for PBXNativeTarget "Pets" */ = {
			isa = XCConfigurationList;
			buildConfigurations = (
				0A18BA7A2703757700B05FB6 /* Debug */,
				0A18BA7B2703757700B05FB6 /* Release */,
			);
			defaultConfigurationIsVisible = 0;
			defaultConfigurationName = Release;
		};
		0A18BA7C2703757700B05FB6 /* Build configuration list for PBXNativeTarget "PetsTests" */ = {
			isa = XCConfigurationList;
			buildConfigurations = (
				0A18BA7D2703757700B05FB6 /* Debug */,
				0A18BA7E2703757700B05FB6 /* Release */,
			);
			defaultConfigurationIsVisible = 0;
			defaultConfigurationName = Release;
		};
		0A18BA7F2703757700B05FB6 /* Build configuration list for PBXNativeTarget "PetsUITests" */ = {
			isa = XCConfigurationList;
			buildConfigurations = (
				0A18BA802703757700B05FB6 /* Debug */,
				0A18BA812703757700B05FB6 /* Release */,
			);
			defaultConfigurationIsVisible = 0;
			defaultConfigurationName = Release;
		};
/* End XCConfigurationList section */

/* Begin XCRemoteSwiftPackageReference section */
		0A79BF4B2704F29700CD96E1 /* XCRemoteSwiftPackageReference "firebase-ios-sdk" */ = {
			isa = XCRemoteSwiftPackageReference;
			repositoryURL = "https://github.com/firebase/firebase-ios-sdk.git";
			requirement = {
				kind = upToNextMajorVersion;
				minimumVersion = 8.8.0;
			};
		};
/* End XCRemoteSwiftPackageReference section */

/* Begin XCSwiftPackageProductDependency section */
		0A79BF4C2704F29700CD96E1 /* FirebaseAnalytics */ = {
			isa = XCSwiftPackageProductDependency;
			package = 0A79BF4B2704F29700CD96E1 /* XCRemoteSwiftPackageReference "firebase-ios-sdk" */;
			productName = FirebaseAnalytics;
		};
		0A79BF4E2704F29700CD96E1 /* FirebaseCrashlytics */ = {
			isa = XCSwiftPackageProductDependency;
			package = 0A79BF4B2704F29700CD96E1 /* XCRemoteSwiftPackageReference "firebase-ios-sdk" */;
			productName = FirebaseCrashlytics;
		};
		0A79BF502704F29700CD96E1 /* FirebaseStorage */ = {
			isa = XCSwiftPackageProductDependency;
			package = 0A79BF4B2704F29700CD96E1 /* XCRemoteSwiftPackageReference "firebase-ios-sdk" */;
			productName = FirebaseStorage;
		};
		0A79BF522704F29700CD96E1 /* FirebaseAuth */ = {
			isa = XCSwiftPackageProductDependency;
			package = 0A79BF4B2704F29700CD96E1 /* XCRemoteSwiftPackageReference "firebase-ios-sdk" */;
			productName = FirebaseAuth;
		};
		0A79BF542704F29700CD96E1 /* FirebaseDatabase */ = {
			isa = XCSwiftPackageProductDependency;
			package = 0A79BF4B2704F29700CD96E1 /* XCRemoteSwiftPackageReference "firebase-ios-sdk" */;
			productName = FirebaseDatabase;
		};
/* End XCSwiftPackageProductDependency section */

/* Begin XCVersionGroup section */
		0A18BA582703757600B05FB6 /* Pets.xcdatamodeld */ = {
			isa = XCVersionGroup;
			children = (
				0A18BA592703757600B05FB6 /* Pets.xcdatamodel */,
			);
			currentVersion = 0A18BA592703757600B05FB6 /* Pets.xcdatamodel */;
			path = Pets.xcdatamodeld;
			sourceTree = "<group>";
			versionGroupType = wrapper.xcdatamodel;
		};
/* End XCVersionGroup section */
	};
	rootObject = 0A18BA442703757500B05FB6 /* Project object */;
}
